
Microsoft Visual Studio Solution File, Format Version 12.00
# Visual Studio Version 17
VisualStudioVersion = 17.9.34723.18
MinimumVisualStudioVersion = 10.0.40219.1
Project("{FAE04EC0-301F-11D3-BF4B-00C04F79EFBC}") = "GestorDeEstudanteT7", "GestorDeEstudanteT7.csproj", "{A245705B-260F-4D3B-98AF-DE22A6A9A851}"
EndProject
Global
	GlobalSection(SolutionConfigurationPlatforms) = preSolution
		Debug|Any CPU = Debug|Any CPU
		Release|Any CPU = Release|Any CPU
	EndGlobalSection
	GlobalSection(ProjectConfigurationPlatforms) = postSolution
		{A245705B-260F-4D3B-98AF-DE22A6A9A851}.Debug|Any CPU.ActiveCfg = Debug|Any CPU
		{A245705B-260F-4D3B-98AF-DE22A6A9A851}.Debug|Any CPU.Build.0 = Debug|Any CPU
		{A245705B-260F-4D3B-98AF-DE22A6A9A851}.Release|Any CPU.ActiveCfg = Release|Any CPU
		{A245705B-260F-4D3B-98AF-DE22A6A9A851}.Release|Any CPU.Build.0 = Release|Any CPU
	EndGlobalSection
	GlobalSection(SolutionProperties) = preSolution
		HideSolutionNode = FALSE
	EndGlobalSection
	GlobalSection(ExtensibilityGlobals) = postSolution
		SolutionGuid = {8CC9ABF2-EBC1-4B31-863D-7FE883ADDC79}
	EndGlobalSection
EndGlobal
